
Microsoft Visual Studio Solution File, Format Version 12.00
# Visual Studio Version 17
VisualStudioVersion = 17.9.34728.123
MinimumVisualStudioVersion = 10.0.40219.1
Project("{FAE04EC0-301F-11D3-BF4B-00C04F79EFBC}") = "MathGame", "MathGame\MathGame.csproj", "{3E5523B8-FC9F-4149-870A-1E32B343C694}"
EndProject
Global
	GlobalSection(SolutionConfigurationPlatforms) = preSolution
		Debug|Any CPU = Debug|Any CPU
		Release|Any CPU = Release|Any CPU
	EndGlobalSection
	GlobalSection(ProjectConfigurationPlatforms) = postSolution
		{3E5523B8-FC9F-4149-870A-1E32B343C694}.Debug|Any CPU.ActiveCfg = Debug|Any CPU
		{3E5523B8-FC9F-4149-870A-1E32B343C694}.Debug|Any CPU.Build.0 = Debug|Any CPU
		{3E5523B8-FC9F-4149-870A-1E32B343C694}.Release|Any CPU.ActiveCfg = Release|Any CPU
		{3E5523B8-FC9F-4149-870A-1E32B343C694}.Release|Any CPU.Build.0 = Release|Any CPU
	EndGlobalSection
	GlobalSection(SolutionProperties) = preSolution
		HideSolutionNode = FALSE
	EndGlobalSection
	GlobalSection(ExtensibilityGlobals) = postSolution
		SolutionGuid = {D42BCF74-81C6-404E-8F8E-B83C1FD5BD9D}
	EndGlobalSection
EndGlobal
